// !$*UTF8*$!
{
	archiveVersion = 1;
	classes = {
	};
	objectVersion = 50;
	objects = {

/* Begin PBXBuildFile section */
		8F27EBC824A178AB000BB451 /* Hashability.swift in Sources */ = {isa = PBXBuildFile; fileRef = 8F27EBC724A178AB000BB451 /* Hashability.swift */; };
		8F2F8FDB24C54AC700FC39EA /* EnQDeQ.swift in Sources */ = {isa = PBXBuildFile; fileRef = 8F2F8FDA24C54AC700FC39EA /* EnQDeQ.swift */; };
		8F2F8FDF24C69F9100FC39EA /* QueUe.swift in Sources */ = {isa = PBXBuildFile; fileRef = 8F2F8FDE24C69F9100FC39EA /* QueUe.swift */; };
		8F37F935248E9AFC00C9CCBF /* OnesAndZerosSearch.swift in Sources */ = {isa = PBXBuildFile; fileRef = 8F37F934248E9AFC00C9CCBF /* OnesAndZerosSearch.swift */; };
		8F6088E624BE135900A04417 /* SorsationViewController.swift in Sources */ = {isa = PBXBuildFile; fileRef = 8F6088E524BE135900A04417 /* SorsationViewController.swift */; };
		8F626B4E24AED012003A5FAC /* PrimeFiboFacto.swift in Sources */ = {isa = PBXBuildFile; fileRef = 8F626B4D24AED012003A5FAC /* PrimeFiboFacto.swift */; };
		8F6AD10724B186C70085B353 /* RealWorldCrap.swift in Sources */ = {isa = PBXBuildFile; fileRef = 8F6AD10624B186C70085B353 /* RealWorldCrap.swift */; };
		8F6FDD69248C4AA2002926D3 /* AppDelegate.swift in Sources */ = {isa = PBXBuildFile; fileRef = 8F6FDD68248C4AA2002926D3 /* AppDelegate.swift */; };
		8F6FDD6B248C4AA2002926D3 /* SceneDelegate.swift in Sources */ = {isa = PBXBuildFile; fileRef = 8F6FDD6A248C4AA2002926D3 /* SceneDelegate.swift */; };
		8F6FDD6D248C4AA2002926D3 /* AlgoViewController.swift in Sources */ = {isa = PBXBuildFile; fileRef = 8F6FDD6C248C4AA2002926D3 /* AlgoViewController.swift */; };
		8F6FDD70248C4AA2002926D3 /* Main.storyboard in Resources */ = {isa = PBXBuildFile; fileRef = 8F6FDD6E248C4AA2002926D3 /* Main.storyboard */; };
		8F6FDD72248C4AA9002926D3 /* Assets.xcassets in Resources */ = {isa = PBXBuildFile; fileRef = 8F6FDD71248C4AA9002926D3 /* Assets.xcassets */; };
		8F6FDD75248C4AA9002926D3 /* LaunchScreen.storyboard in Resources */ = {isa = PBXBuildFile; fileRef = 8F6FDD73248C4AA9002926D3 /* LaunchScreen.storyboard */; };
		8F6FDD8C248C572E002926D3 /* TestFromScratch.swift in Sources */ = {isa = PBXBuildFile; fileRef = 8F6FDD8A248C56E0002926D3 /* TestFromScratch.swift */; };
		8F6FDD90248C579D002926D3 /* FlowingStack.swift in Sources */ = {isa = PBXBuildFile; fileRef = 8F6FDD8F248C579D002926D3 /* FlowingStack.swift */; };
		8F6FDD91248C57DB002926D3 /* StackTests.swift in Sources */ = {isa = PBXBuildFile; fileRef = 8F6FDD7F248C4AAA002926D3 /* StackTests.swift */; };
		8F6FDD93248C6020002926D3 /* FlowingBinary.swift in Sources */ = {isa = PBXBuildFile; fileRef = 8F6FDD92248C6020002926D3 /* FlowingBinary.swift */; };
		8F6FDD94248C6108002926D3 /* FlowingBinary.swift in Sources */ = {isa = PBXBuildFile; fileRef = 8F6FDD92248C6020002926D3 /* FlowingBinary.swift */; };
		8F6FDD96248C6145002926D3 /* BinaryTests.swift in Sources */ = {isa = PBXBuildFile; fileRef = 8F6FDD95248C6145002926D3 /* BinaryTests.swift */; };
		8FA0E89D24C9421700C94F8A /* Apollo11.swift in Sources */ = {isa = PBXBuildFile; fileRef = 8FA0E89C24C9421700C94F8A /* Apollo11.swift */; };
		8FA3B4A324AA614B006913B8 /* BinaTreeBreezeThrough.swift in Sources */ = {isa = PBXBuildFile; fileRef = 8FA3B4A224AA614B006913B8 /* BinaTreeBreezeThrough.swift */; };
		8FA3B4A524AA6E45006913B8 /* BSTsortability.swift in Sources */ = {isa = PBXBuildFile; fileRef = 8FA3B4A424AA6E45006913B8 /* BSTsortability.swift */; };
		8FA9B2F02492EBB2002A9923 /* ReversingLinkedList.swift in Sources */ = {isa = PBXBuildFile; fileRef = 8FA9B2EF2492EBB2002A9923 /* ReversingLinkedList.swift */; };
		8FAFB5BD251D002600E8A694 /* ProtoProto.swift in Sources */ = {isa = PBXBuildFile; fileRef = 8FAFB5BC251D002600E8A694 /* ProtoProto.swift */; };
		8FC150C6249019AF00574377 /* RandAcsCoExtension.swift in Sources */ = {isa = PBXBuildFile; fileRef = 8FC150C5249019AF00574377 /* RandAcsCoExtension.swift */; };
		8FC545FD24C155690010F7C9 /* Miscellaneousness.swift in Sources */ = {isa = PBXBuildFile; fileRef = 8FC545FC24C155690010F7C9 /* Miscellaneousness.swift */; };
		8FD682AE24B818F500C4D442 /* SomDemOfHigherOrder.swift in Sources */ = {isa = PBXBuildFile; fileRef = 8FD682AD24B818F500C4D442 /* SomDemOfHigherOrder.swift */; };
		8FE35B182499C9320062FF4A /* CursiveCursion.swift in Sources */ = {isa = PBXBuildFile; fileRef = 8FE35B172499C9320062FF4A /* CursiveCursion.swift */; };
/* End PBXBuildFile section */

/* Begin PBXContainerItemProxy section */
		8F6FDD7C248C4AAA002926D3 /* PBXContainerItemProxy */ = {
			isa = PBXContainerItemProxy;
			containerPortal = 8F6FDD5D248C4AA1002926D3 /* Project object */;
			proxyType = 1;
			remoteGlobalIDString = 8F6FDD64248C4AA2002926D3;
			remoteInfo = Algo;
		};
/* End PBXContainerItemProxy section */

/* Begin PBXFileReference section */
		8F27EBC724A178AB000BB451 /* Hashability.swift */ = {isa = PBXFileReference; lastKnownFileType = sourcecode.swift; path = Hashability.swift; sourceTree = "<group>"; };
		8F2F8FDA24C54AC700FC39EA /* EnQDeQ.swift */ = {isa = PBXFileReference; lastKnownFileType = sourcecode.swift; path = EnQDeQ.swift; sourceTree = "<group>"; };
		8F2F8FDE24C69F9100FC39EA /* QueUe.swift */ = {isa = PBXFileReference; lastKnownFileType = sourcecode.swift; path = QueUe.swift; sourceTree = "<group>"; };
		8F37F934248E9AFC00C9CCBF /* OnesAndZerosSearch.swift */ = {isa = PBXFileReference; lastKnownFileType = sourcecode.swift; path = OnesAndZerosSearch.swift; sourceTree = "<group>"; };
		8F6088E524BE135900A04417 /* SorsationViewController.swift */ = {isa = PBXFileReference; lastKnownFileType = sourcecode.swift; path = SorsationViewController.swift; sourceTree = "<group>"; };
		8F626B4D24AED012003A5FAC /* PrimeFiboFacto.swift */ = {isa = PBXFileReference; lastKnownFileType = sourcecode.swift; path = PrimeFiboFacto.swift; sourceTree = "<group>"; };
		8F6AD10624B186C70085B353 /* RealWorldCrap.swift */ = {isa = PBXFileReference; lastKnownFileType = sourcecode.swift; path = RealWorldCrap.swift; sourceTree = "<group>"; };
		8F6FDD65248C4AA2002926D3 /* Algo.app */ = {isa = PBXFileReference; explicitFileType = wrapper.application; includeInIndex = 0; path = Algo.app; sourceTree = BUILT_PRODUCTS_DIR; };
		8F6FDD68248C4AA2002926D3 /* AppDelegate.swift */ = {isa = PBXFileReference; lastKnownFileType = sourcecode.swift; path = AppDelegate.swift; sourceTree = "<group>"; };
		8F6FDD6A248C4AA2002926D3 /* SceneDelegate.swift */ = {isa = PBXFileReference; lastKnownFileType = sourcecode.swift; path = SceneDelegate.swift; sourceTree = "<group>"; };
		8F6FDD6C248C4AA2002926D3 /* AlgoViewController.swift */ = {isa = PBXFileReference; lastKnownFileType = sourcecode.swift; path = AlgoViewController.swift; sourceTree = "<group>"; };
		8F6FDD6F248C4AA2002926D3 /* Base */ = {isa = PBXFileReference; lastKnownFileType = file.storyboard; name = Base; path = Base.lproj/Main.storyboard; sourceTree = "<group>"; };
		8F6FDD71248C4AA9002926D3 /* Assets.xcassets */ = {isa = PBXFileReference; lastKnownFileType = folder.assetcatalog; path = Assets.xcassets; sourceTree = "<group>"; };
		8F6FDD74248C4AA9002926D3 /* Base */ = {isa = PBXFileReference; lastKnownFileType = file.storyboard; name = Base; path = Base.lproj/LaunchScreen.storyboard; sourceTree = "<group>"; };
		8F6FDD76248C4AA9002926D3 /* Info.plist */ = {isa = PBXFileReference; lastKnownFileType = text.plist.xml; path = Info.plist; sourceTree = "<group>"; };
		8F6FDD7B248C4AAA002926D3 /* AlgoTests.xctest */ = {isa = PBXFileReference; explicitFileType = wrapper.cfbundle; includeInIndex = 0; path = AlgoTests.xctest; sourceTree = BUILT_PRODUCTS_DIR; };
		8F6FDD7F248C4AAA002926D3 /* StackTests.swift */ = {isa = PBXFileReference; lastKnownFileType = sourcecode.swift; path = StackTests.swift; sourceTree = "<group>"; };
		8F6FDD81248C4AAA002926D3 /* Info.plist */ = {isa = PBXFileReference; lastKnownFileType = text.plist.xml; path = Info.plist; sourceTree = "<group>"; };
		8F6FDD8A248C56E0002926D3 /* TestFromScratch.swift */ = {isa = PBXFileReference; lastKnownFileType = sourcecode.swift; path = TestFromScratch.swift; sourceTree = "<group>"; };
		8F6FDD8F248C579D002926D3 /* FlowingStack.swift */ = {isa = PBXFileReference; lastKnownFileType = sourcecode.swift; path = FlowingStack.swift; sourceTree = "<group>"; };
		8F6FDD92248C6020002926D3 /* FlowingBinary.swift */ = {isa = PBXFileReference; lastKnownFileType = sourcecode.swift; path = FlowingBinary.swift; sourceTree = "<group>"; };
		8F6FDD95248C6145002926D3 /* BinaryTests.swift */ = {isa = PBXFileReference; lastKnownFileType = sourcecode.swift; path = BinaryTests.swift; sourceTree = "<group>"; };
		8FA0E89C24C9421700C94F8A /* Apollo11.swift */ = {isa = PBXFileReference; lastKnownFileType = sourcecode.swift; path = Apollo11.swift; sourceTree = "<group>"; };
		8FA3B4A224AA614B006913B8 /* BinaTreeBreezeThrough.swift */ = {isa = PBXFileReference; lastKnownFileType = sourcecode.swift; path = BinaTreeBreezeThrough.swift; sourceTree = "<group>"; };
		8FA3B4A424AA6E45006913B8 /* BSTsortability.swift */ = {isa = PBXFileReference; lastKnownFileType = sourcecode.swift; path = BSTsortability.swift; sourceTree = "<group>"; };
		8FA9B2EF2492EBB2002A9923 /* ReversingLinkedList.swift */ = {isa = PBXFileReference; lastKnownFileType = sourcecode.swift; path = ReversingLinkedList.swift; sourceTree = "<group>"; };
		8FAFB5BC251D002600E8A694 /* ProtoProto.swift */ = {isa = PBXFileReference; lastKnownFileType = sourcecode.swift; path = ProtoProto.swift; sourceTree = "<group>"; };
		8FC150C5249019AF00574377 /* RandAcsCoExtension.swift */ = {isa = PBXFileReference; lastKnownFileType = sourcecode.swift; path = RandAcsCoExtension.swift; sourceTree = "<group>"; };
		8FC545FC24C155690010F7C9 /* Miscellaneousness.swift */ = {isa = PBXFileReference; lastKnownFileType = sourcecode.swift; path = Miscellaneousness.swift; sourceTree = "<group>"; };
		8FD682AD24B818F500C4D442 /* SomDemOfHigherOrder.swift */ = {isa = PBXFileReference; lastKnownFileType = sourcecode.swift; path = SomDemOfHigherOrder.swift; sourceTree = "<group>"; };
		8FE35B172499C9320062FF4A /* CursiveCursion.swift */ = {isa = PBXFileReference; lastKnownFileType = sourcecode.swift; path = CursiveCursion.swift; sourceTree = "<group>"; };
/* End PBXFileReference section */

/* Begin PBXFrameworksBuildPhase section */
		8F6FDD62248C4AA2002926D3 /* Frameworks */ = {
			isa = PBXFrameworksBuildPhase;
			buildActionMask = 2147483647;
			files = (
			);
			runOnlyForDeploymentPostprocessing = 0;
		};
		8F6FDD78248C4AAA002926D3 /* Frameworks */ = {
			isa = PBXFrameworksBuildPhase;
			buildActionMask = 2147483647;
			files = (
			);
			runOnlyForDeploymentPostprocessing = 0;
		};
/* End PBXFrameworksBuildPhase section */

/* Begin PBXGroup section */
		8F6FDD5C248C4AA1002926D3 = {
			isa = PBXGroup;
			children = (
				8F6FDD67248C4AA2002926D3 /* Algo */,
				8F6FDD7E248C4AAA002926D3 /* AlgoTests */,
				8F6FDD66248C4AA2002926D3 /* Products */,
			);
			sourceTree = "<group>";
		};
		8F6FDD66248C4AA2002926D3 /* Products */ = {
			isa = PBXGroup;
			children = (
				8F6FDD65248C4AA2002926D3 /* Algo.app */,
				8F6FDD7B248C4AAA002926D3 /* AlgoTests.xctest */,
			);
			name = Products;
			sourceTree = "<group>";
		};
		8F6FDD67248C4AA2002926D3 /* Algo */ = {
			isa = PBXGroup;
			children = (
				8F6FDD68248C4AA2002926D3 /* AppDelegate.swift */,
				8F6FDD6A248C4AA2002926D3 /* SceneDelegate.swift */,
				8F27EBC724A178AB000BB451 /* Hashability.swift */,
				8F6FDD8F248C579D002926D3 /* FlowingStack.swift */,
				8F37F934248E9AFC00C9CCBF /* OnesAndZerosSearch.swift */,
				8FC150C5249019AF00574377 /* RandAcsCoExtension.swift */,
				8F6FDD92248C6020002926D3 /* FlowingBinary.swift */,
				8FA3B4A224AA614B006913B8 /* BinaTreeBreezeThrough.swift */,
				8FA3B4A424AA6E45006913B8 /* BSTsortability.swift */,
				8FE35B172499C9320062FF4A /* CursiveCursion.swift */,
				8FA9B2EF2492EBB2002A9923 /* ReversingLinkedList.swift */,
				8F6FDD6C248C4AA2002926D3 /* AlgoViewController.swift */,
				8F626B4D24AED012003A5FAC /* PrimeFiboFacto.swift */,
				8F6AD10624B186C70085B353 /* RealWorldCrap.swift */,
				8FD682AD24B818F500C4D442 /* SomDemOfHigherOrder.swift */,
				8F6088E524BE135900A04417 /* SorsationViewController.swift */,
				8FC545FC24C155690010F7C9 /* Miscellaneousness.swift */,
				8F2F8FDA24C54AC700FC39EA /* EnQDeQ.swift */,
				8F2F8FDE24C69F9100FC39EA /* QueUe.swift */,
				8FA0E89C24C9421700C94F8A /* Apollo11.swift */,
				8FAFB5BC251D002600E8A694 /* ProtoProto.swift */,
				8F6FDD6E248C4AA2002926D3 /* Main.storyboard */,
				8F6FDD71248C4AA9002926D3 /* Assets.xcassets */,
				8F6FDD73248C4AA9002926D3 /* LaunchScreen.storyboard */,
				8F6FDD8A248C56E0002926D3 /* TestFromScratch.swift */,
				8F6FDD76248C4AA9002926D3 /* Info.plist */,
			);
			path = Algo;
			sourceTree = "<group>";
		};
		8F6FDD7E248C4AAA002926D3 /* AlgoTests */ = {
			isa = PBXGroup;
			children = (
				8F6FDD7F248C4AAA002926D3 /* StackTests.swift */,
				8F6FDD95248C6145002926D3 /* BinaryTests.swift */,
				8F6FDD81248C4AAA002926D3 /* Info.plist */,
			);
			path = AlgoTests;
			sourceTree = "<group>";
		};
/* End PBXGroup section */

/* Begin PBXNativeTarget section */
		8F6FDD64248C4AA2002926D3 /* Algo */ = {
			isa = PBXNativeTarget;
			buildConfigurationList = 8F6FDD84248C4AAA002926D3 /* Build configuration list for PBXNativeTarget "Algo" */;
			buildPhases = (
				8F6FDD61248C4AA2002926D3 /* Sources */,
				8F6FDD62248C4AA2002926D3 /* Frameworks */,
				8F6FDD63248C4AA2002926D3 /* Resources */,
			);
			buildRules = (
			);
			dependencies = (
			);
			name = Algo;
			productName = Algo;
			productReference = 8F6FDD65248C4AA2002926D3 /* Algo.app */;
			productType = "com.apple.product-type.application";
		};
		8F6FDD7A248C4AAA002926D3 /* AlgoTests */ = {
			isa = PBXNativeTarget;
			buildConfigurationList = 8F6FDD87248C4AAA002926D3 /* Build configuration list for PBXNativeTarget "AlgoTests" */;
			buildPhases = (
				8F6FDD77248C4AAA002926D3 /* Sources */,
				8F6FDD78248C4AAA002926D3 /* Frameworks */,
				8F6FDD79248C4AAA002926D3 /* Resources */,
			);
			buildRules = (
			);
			dependencies = (
				8F6FDD7D248C4AAA002926D3 /* PBXTargetDependency */,
			);
			name = AlgoTests;
			productName = AlgoTests;
			productReference = 8F6FDD7B248C4AAA002926D3 /* AlgoTests.xctest */;
			productType = "com.apple.product-type.bundle.unit-test";
		};
/* End PBXNativeTarget section */

/* Begin PBXProject section */
		8F6FDD5D248C4AA1002926D3 /* Project object */ = {
			isa = PBXProject;
			attributes = {
				LastSwiftUpdateCheck = 1140;
				LastUpgradeCheck = 1140;
				ORGANIZATIONNAME = "Jerry Ren";
				TargetAttributes = {
					8F6FDD64248C4AA2002926D3 = {
						CreatedOnToolsVersion = 11.4.1;
					};
					8F6FDD7A248C4AAA002926D3 = {
						CreatedOnToolsVersion = 11.4.1;
						TestTargetID = 8F6FDD64248C4AA2002926D3;
					};
				};
			};
			buildConfigurationList = 8F6FDD60248C4AA1002926D3 /* Build configuration list for PBXProject "Algo" */;
			compatibilityVersion = "Xcode 9.3";
			developmentRegion = en;
			hasScannedForEncodings = 0;
			knownRegions = (
				en,
				Base,
			);
			mainGroup = 8F6FDD5C248C4AA1002926D3;
			productRefGroup = 8F6FDD66248C4AA2002926D3 /* Products */;
			projectDirPath = "";
			projectRoot = "";
			targets = (
				8F6FDD64248C4AA2002926D3 /* Algo */,
				8F6FDD7A248C4AAA002926D3 /* AlgoTests */,
			);
		};
/* End PBXProject section */

/* Begin PBXResourcesBuildPhase section */
		8F6FDD63248C4AA2002926D3 /* Resources */ = {
			isa = PBXResourcesBuildPhase;
			buildActionMask = 2147483647;
			files = (
				8F6FDD75248C4AA9002926D3 /* LaunchScreen.storyboard in Resources */,
				8F6FDD72248C4AA9002926D3 /* Assets.xcassets in Resources */,
				8F6FDD70248C4AA2002926D3 /* Main.storyboard in Resources */,
			);
			runOnlyForDeploymentPostprocessing = 0;
		};
		8F6FDD79248C4AAA002926D3 /* Resources */ = {
			isa = PBXResourcesBuildPhase;
			buildActionMask = 2147483647;
			files = (
			);
			runOnlyForDeploymentPostprocessing = 0;
		};
/* End PBXResourcesBuildPhase section */

/* Begin PBXSourcesBuildPhase section */
		8F6FDD61248C4AA2002926D3 /* Sources */ = {
			isa = PBXSourcesBuildPhase;
			buildActionMask = 2147483647;
			files = (
				8F6FDD6D248C4AA2002926D3 /* AlgoViewController.swift in Sources */,
				8F6FDD90248C579D002926D3 /* FlowingStack.swift in Sources */,
				8FA0E89D24C9421700C94F8A /* Apollo11.swift in Sources */,
				8FA3B4A524AA6E45006913B8 /* BSTsortability.swift in Sources */,
				8F2F8FDB24C54AC700FC39EA /* EnQDeQ.swift in Sources */,
				8FC150C6249019AF00574377 /* RandAcsCoExtension.swift in Sources */,
				8FC545FD24C155690010F7C9 /* Miscellaneousness.swift in Sources */,
				8F37F935248E9AFC00C9CCBF /* OnesAndZerosSearch.swift in Sources */,
				8FA9B2F02492EBB2002A9923 /* ReversingLinkedList.swift in Sources */,
				8F6FDD69248C4AA2002926D3 /* AppDelegate.swift in Sources */,
				8FA3B4A324AA614B006913B8 /* BinaTreeBreezeThrough.swift in Sources */,
				8F6FDD6B248C4AA2002926D3 /* SceneDelegate.swift in Sources */,
				8FAFB5BD251D002600E8A694 /* ProtoProto.swift in Sources */,
				8F6088E624BE135900A04417 /* SorsationViewController.swift in Sources */,
				8FE35B182499C9320062FF4A /* CursiveCursion.swift in Sources */,
				8F626B4E24AED012003A5FAC /* PrimeFiboFacto.swift in Sources */,
				8F2F8FDF24C69F9100FC39EA /* QueUe.swift in Sources */,
				8F27EBC824A178AB000BB451 /* Hashability.swift in Sources */,
				8F6AD10724B186C70085B353 /* RealWorldCrap.swift in Sources */,
				8FD682AE24B818F500C4D442 /* SomDemOfHigherOrder.swift in Sources */,
				8F6FDD93248C6020002926D3 /* FlowingBinary.swift in Sources */,
			);
			runOnlyForDeploymentPostprocessing = 0;
		};
		8F6FDD77248C4AAA002926D3 /* Sources */ = {
			isa = PBXSourcesBuildPhase;
			buildActionMask = 2147483647;
			files = (
				8F6FDD96248C6145002926D3 /* BinaryTests.swift in Sources */,
				8F6FDD91248C57DB002926D3 /* StackTests.swift in Sources */,
				8F6FDD8C248C572E002926D3 /* TestFromScratch.swift in Sources */,
				8F6FDD94248C6108002926D3 /* FlowingBinary.swift in Sources */,
			);
			runOnlyForDeploymentPostprocessing = 0;
		};
/* End PBXSourcesBuildPhase section */

/* Begin PBXTargetDependency section */
		8F6FDD7D248C4AAA002926D3 /* PBXTargetDependency */ = {
			isa = PBXTargetDependency;
			target = 8F6FDD64248C4AA2002926D3 /* Algo */;
			targetProxy = 8F6FDD7C248C4AAA002926D3 /* PBXContainerItemProxy */;
		};
/* End PBXTargetDependency section */

/* Begin PBXVariantGroup section */
		8F6FDD6E248C4AA2002926D3 /* Main.storyboard */ = {
			isa = PBXVariantGroup;
			children = (
				8F6FDD6F248C4AA2002926D3 /* Base */,
			);
			name = Main.storyboard;
			sourceTree = "<group>";
		};
		8F6FDD73248C4AA9002926D3 /* LaunchScreen.storyboard */ = {
			isa = PBXVariantGroup;
			children = (
				8F6FDD74248C4AA9002926D3 /* Base */,
			);
			name = LaunchScreen.storyboard;
			sourceTree = "<group>";
		};
/* End PBXVariantGroup section */

/* Begin XCBuildConfiguration section */
		8F6FDD82248C4AAA002926D3 /* Debug */ = {
			isa = XCBuildConfiguration;
			buildSettings = {
				ALWAYS_SEARCH_USER_PATHS = NO;
				CLANG_ANALYZER_NONNULL = YES;
				CLANG_ANALYZER_NUMBER_OBJECT_CONVERSION = YES_AGGRESSIVE;
				CLANG_CXX_LANGUAGE_STANDARD = "gnu++14";
				CLANG_CXX_LIBRARY = "libc++";
				CLANG_ENABLE_MODULES = YES;
				CLANG_ENABLE_OBJC_ARC = YES;
				CLANG_ENABLE_OBJC_WEAK = YES;
				CLANG_WARN_BLOCK_CAPTURE_AUTORELEASING = YES;
				CLANG_WARN_BOOL_CONVERSION = YES;
				CLANG_WARN_COMMA = YES;
				CLANG_WARN_CONSTANT_CONVERSION = YES;
				CLANG_WARN_DEPRECATED_OBJC_IMPLEMENTATIONS = YES;
				CLANG_WARN_DIRECT_OBJC_ISA_USAGE = YES_ERROR;
				CLANG_WARN_DOCUMENTATION_COMMENTS = YES;
				CLANG_WARN_EMPTY_BODY = YES;
				CLANG_WARN_ENUM_CONVERSION = YES;
				CLANG_WARN_INFINITE_RECURSION = YES;
				CLANG_WARN_INT_CONVERSION = YES;
				CLANG_WARN_NON_LITERAL_NULL_CONVERSION = YES;
				CLANG_WARN_OBJC_IMPLICIT_RETAIN_SELF = YES;
				CLANG_WARN_OBJC_LITERAL_CONVERSION = YES;
				CLANG_WARN_OBJC_ROOT_CLASS = YES_ERROR;
				CLANG_WARN_RANGE_LOOP_ANALYSIS = YES;
				CLANG_WARN_STRICT_PROTOTYPES = YES;
				CLANG_WARN_SUSPICIOUS_MOVE = YES;
				CLANG_WARN_UNGUARDED_AVAILABILITY = YES_AGGRESSIVE;
				CLANG_WARN_UNREACHABLE_CODE = YES;
				CLANG_WARN__DUPLICATE_METHOD_MATCH = YES;
				COPY_PHASE_STRIP = NO;
				DEBUG_INFORMATION_FORMAT = dwarf;
				ENABLE_STRICT_OBJC_MSGSEND = YES;
				ENABLE_TESTABILITY = YES;
				GCC_C_LANGUAGE_STANDARD = gnu11;
				GCC_DYNAMIC_NO_PIC = NO;
				GCC_NO_COMMON_BLOCKS = YES;
				GCC_OPTIMIZATION_LEVEL = 0;
				GCC_PREPROCESSOR_DEFINITIONS = (
					"DEBUG=1",
					"$(inherited)",
				);
				GCC_WARN_64_TO_32_BIT_CONVERSION = YES;
				GCC_WARN_ABOUT_RETURN_TYPE = YES_ERROR;
				GCC_WARN_UNDECLARED_SELECTOR = YES;
				GCC_WARN_UNINITIALIZED_AUTOS = YES_AGGRESSIVE;
				GCC_WARN_UNUSED_FUNCTION = YES;
				GCC_WARN_UNUSED_VARIABLE = YES;
				IPHONEOS_DEPLOYMENT_TARGET = 13.4;
				MTL_ENABLE_DEBUG_INFO = INCLUDE_SOURCE;
				MTL_FAST_MATH = YES;
				ONLY_ACTIVE_ARCH = YES;
				SDKROOT = iphoneos;
				SWIFT_ACTIVE_COMPILATION_CONDITIONS = DEBUG;
				SWIFT_OPTIMIZATION_LEVEL = "-Onone";
			};
			name = Debug;
		};
		8F6FDD83248C4AAA002926D3 /* Release */ = {
			isa = XCBuildConfiguration;
			buildSettings = {
				ALWAYS_SEARCH_USER_PATHS = NO;
				CLANG_ANALYZER_NONNULL = YES;
				CLANG_ANALYZER_NUMBER_OBJECT_CONVERSION = YES_AGGRESSIVE;
				CLANG_CXX_LANGUAGE_STANDARD = "gnu++14";
				CLANG_CXX_LIBRARY = "libc++";
				CLANG_ENABLE_MODULES = YES;
				CLANG_ENABLE_OBJC_ARC = YES;
				CLANG_ENABLE_OBJC_WEAK = YES;
				CLANG_WARN_BLOCK_CAPTURE_AUTORELEASING = YES;
				CLANG_WARN_BOOL_CONVERSION = YES;
				CLANG_WARN_COMMA = YES;
				CLANG_WARN_CONSTANT_CONVERSION = YES;
				CLANG_WARN_DEPRECATED_OBJC_IMPLEMENTATIONS = YES;
				CLANG_WARN_DIRECT_OBJC_ISA_USAGE = YES_ERROR;
				CLANG_WARN_DOCUMENTATION_COMMENTS = YES;
				CLANG_WARN_EMPTY_BODY = YES;
				CLANG_WARN_ENUM_CONVERSION = YES;
				CLANG_WARN_INFINITE_RECURSION = YES;
				CLANG_WARN_INT_CONVERSION = YES;
				CLANG_WARN_NON_LITERAL_NULL_CONVERSION = YES;
				CLANG_WARN_OBJC_IMPLICIT_RETAIN_SELF = YES;
				CLANG_WARN_OBJC_LITERAL_CONVERSION = YES;
				CLANG_WARN_OBJC_ROOT_CLASS = YES_ERROR;
				CLANG_WARN_RANGE_LOOP_ANALYSIS = YES;
				CLANG_WARN_STRICT_PROTOTYPES = YES;
				CLANG_WARN_SUSPICIOUS_MOVE = YES;
				CLANG_WARN_UNGUARDED_AVAILABILITY = YES_AGGRESSIVE;
				CLANG_WARN_UNREACHABLE_CODE = YES;
				CLANG_WARN__DUPLICATE_METHOD_MATCH = YES;
				COPY_PHASE_STRIP = NO;
				DEBUG_INFORMATION_FORMAT = "dwarf-with-dsym";
				ENABLE_NS_ASSERTIONS = NO;
				ENABLE_STRICT_OBJC_MSGSEND = YES;
				GCC_C_LANGUAGE_STANDARD = gnu11;
				GCC_NO_COMMON_BLOCKS = YES;
				GCC_WARN_64_TO_32_BIT_CONVERSION = YES;
				GCC_WARN_ABOUT_RETURN_TYPE = YES_ERROR;
				GCC_WARN_UNDECLARED_SELECTOR = YES;
				GCC_WARN_UNINITIALIZED_AUTOS = YES_AGGRESSIVE;
				GCC_WARN_UNUSED_FUNCTION = YES;
				GCC_WARN_UNUSED_VARIABLE = YES;
				IPHONEOS_DEPLOYMENT_TARGET = 13.4;
				MTL_ENABLE_DEBUG_INFO = NO;
				MTL_FAST_MATH = YES;
				SDKROOT = iphoneos;
				SWIFT_COMPILATION_MODE = wholemodule;
				SWIFT_OPTIMIZATION_LEVEL = "-O";
				VALIDATE_PRODUCT = YES;
			};
			name = Release;
		};
		8F6FDD85248C4AAA002926D3 /* Debug */ = {
			isa = XCBuildConfiguration;
			buildSettings = {
				ASSETCATALOG_COMPILER_APPICON_NAME = AppIcon;
				CODE_SIGN_STYLE = Automatic;
				DEVELOPMENT_TEAM = AAPS2WKL6R;
				INFOPLIST_FILE = Algo/Info.plist;
				LD_RUNPATH_SEARCH_PATHS = (
					"$(inherited)",
					"@executable_path/Frameworks",
				);
				PRODUCT_BUNDLE_IDENTIFIER = com.JerryRen.Algo;
				PRODUCT_NAME = "$(TARGET_NAME)";
				SWIFT_VERSION = 5.0;
				TARGETED_DEVICE_FAMILY = "1,2";
			};
			name = Debug;
		};
		8F6FDD86248C4AAA002926D3 /* Release */ = {
			isa = XCBuildConfiguration;
			buildSettings = {
				ASSETCATALOG_COMPILER_APPICON_NAME = AppIcon;
				CODE_SIGN_STYLE = Automatic;
				DEVELOPMENT_TEAM = AAPS2WKL6R;
				INFOPLIST_FILE = Algo/Info.plist;
				LD_RUNPATH_SEARCH_PATHS = (
					"$(inherited)",
					"@executable_path/Frameworks",
				);
				PRODUCT_BUNDLE_IDENTIFIER = com.JerryRen.Algo;
				PRODUCT_NAME = "$(TARGET_NAME)";
				SWIFT_VERSION = 5.0;
				TARGETED_DEVICE_FAMILY = "1,2";
			};
			name = Release;
		};
		8F6FDD88248C4AAA002926D3 /* Debug */ = {
			isa = XCBuildConfiguration;
			buildSettings = {
				ALWAYS_EMBED_SWIFT_STANDARD_LIBRARIES = YES;
				BUNDLE_LOADER = "$(TEST_HOST)";
				CODE_SIGN_STYLE = Automatic;
				DEVELOPMENT_TEAM = AAPS2WKL6R;
				INFOPLIST_FILE = AlgoTests/Info.plist;
				IPHONEOS_DEPLOYMENT_TARGET = 13.4;
				LD_RUNPATH_SEARCH_PATHS = (
					"$(inherited)",
					"@executable_path/Frameworks",
					"@loader_path/Frameworks",
				);
				PRODUCT_BUNDLE_IDENTIFIER = com.JerryRen.AlgoTests;
				PRODUCT_NAME = "$(TARGET_NAME)";
				SWIFT_VERSION = 5.0;
				TARGETED_DEVICE_FAMILY = "1,2";
				TEST_HOST = "$(BUILT_PRODUCTS_DIR)/Algo.app/Algo";
			};
			name = Debug;
		};
		8F6FDD89248C4AAA002926D3 /* Release */ = {
			isa = XCBuildConfiguration;
			buildSettings = {
				ALWAYS_EMBED_SWIFT_STANDARD_LIBRARIES = YES;
				BUNDLE_LOADER = "$(TEST_HOST)";
				CODE_SIGN_STYLE = Automatic;
				DEVELOPMENT_TEAM = AAPS2WKL6R;
				INFOPLIST_FILE = AlgoTests/Info.plist;
				IPHONEOS_DEPLOYMENT_TARGET = 13.4;
				LD_RUNPATH_SEARCH_PATHS = (
					"$(inherited)",
					"@executable_path/Frameworks",
					"@loader_path/Frameworks",
				);
				PRODUCT_BUNDLE_IDENTIFIER = com.JerryRen.AlgoTests;
				PRODUCT_NAME = "$(TARGET_NAME)";
				SWIFT_VERSION = 5.0;
				TARGETED_DEVICE_FAMILY = "1,2";
				TEST_HOST = "$(BUILT_PRODUCTS_DIR)/Algo.app/Algo";
			};
			name = Release;
		};
/* End XCBuildConfiguration section */

/* Begin XCConfigurationList section */
		8F6FDD60248C4AA1002926D3 /* Build configuration list for PBXProject "Algo" */ = {
			isa = XCConfigurationList;
			buildConfigurations = (
				8F6FDD82248C4AAA002926D3 /* Debug */,
				8F6FDD83248C4AAA002926D3 /* Release */,
			);
			defaultConfigurationIsVisible = 0;
			defaultConfigurationName = Release;
		};
		8F6FDD84248C4AAA002926D3 /* Build configuration list for PBXNativeTarget "Algo" */ = {
			isa = XCConfigurationList;
			buildConfigurations = (
				8F6FDD85248C4AAA002926D3 /* Debug */,
				8F6FDD86248C4AAA002926D3 /* Release */,
			);
			defaultConfigurationIsVisible = 0;
			defaultConfigurationName = Release;
		};
		8F6FDD87248C4AAA002926D3 /* Build configuration list for PBXNativeTarget "AlgoTests" */ = {
			isa = XCConfigurationList;
			buildConfigurations = (
				8F6FDD88248C4AAA002926D3 /* Debug */,
				8F6FDD89248C4AAA002926D3 /* Release */,
			);
			defaultConfigurationIsVisible = 0;
			defaultConfigurationName = Release;
		};
/* End XCConfigurationList section */
	};
	rootObject = 8F6FDD5D248C4AA1002926D3 /* Project object */;
}
